
Microsoft Visual Studio Solution File, Format Version 12.00
# Visual Studio 2012
Project("{FAE04EC0-301F-11D3-BF4B-00C04F79EFBC}") = "Metro Student Experience Management", "Metro Student Experience Management\Metro Student Experience Management.csproj", "{FE355538-0F09-4ADF-AA70-18A2D5856CDF}"
EndProject
Global
	GlobalSection(SolutionConfigurationPlatforms) = preSolution
		Debug|Any CPU = Debug|Any CPU
		Release|Any CPU = Release|Any CPU
	EndGlobalSection
	GlobalSection(ProjectConfigurationPlatforms) = postSolution
		{FE355538-0F09-4ADF-AA70-18A2D5856CDF}.Debug|Any CPU.ActiveCfg = Debug|Any CPU
		{FE355538-0F09-4ADF-AA70-18A2D5856CDF}.Debug|Any CPU.Build.0 = Debug|Any CPU
		{FE355538-0F09-4ADF-AA70-18A2D5856CDF}.Release|Any CPU.ActiveCfg = Release|Any CPU
		{FE355538-0F09-4ADF-AA70-18A2D5856CDF}.Release|Any CPU.Build.0 = Release|Any CPU
	EndGlobalSection
	GlobalSection(SolutionProperties) = preSolution
		HideSolutionNode = FALSE
	EndGlobalSection
EndGlobal
